<?xml version="1.0" encoding="utf-8"?>
<Project ToolsVersion="4.0" xmlns="http://schemas.microsoft.com/developer/msbuild/2003">
  <ItemGroup>
    <Filter Include="Source Files">
      <UniqueIdentifier>{4FC737F1-C7A5-4376-A066-2A32D752A2FF}</UniqueIdentifier>
      <Extensions>cpp;c;cc;cxx;c++;cppm;ixx;def;odl;idl;hpj;bat;asm;asmx</Extensions>
    </Filter>
    <Filter Include="Header Files">
      <UniqueIdentifier>{93995380-89BD-4b04-88EB-625FBE52EBFB}</UniqueIdentifier>
      <Extensions>h;hh;hpp;hxx;h++;hm;inl;inc;ipp;xsd</Extensions>
    </Filter>
    <Filter Include="Resource Files">
      <UniqueIdentifier>{67DA6AB6-F800-4c08-8B7A-83BB121AAD01}</UniqueIdentifier>
      <Extensions>rc;ico;cur;bmp;dlg;rc2;rct;bin;rgs;gif;jpg;jpeg;jpe;resx;tiff;tif;png;wav;mfcribbon-ms</Extensions>
    </Filter>
    <Filter Include="Header Files\Iterators">
      <UniqueIdentifier>{93e712f5-938b-4dc5-95ba-73c6e0222f42}</UniqueIdentifier>
    </Filter>
    <Filter Include="Header Files\Containers">
      <UniqueIdentifier>{c042d77d-63fa-4fb0-b768-b0b8d7533acd}</UniqueIdentifier>
    </Filter>
    <Filter Include="Header Files\Interfaces">
      <UniqueIdentifier>{c58c7bcd-6a8b-437c-8288-c756424d0c11}</UniqueIdentifier>
    </Filter>
    <Filter Include="Header Files\Containers\PeekBack Containers">
      <UniqueIdentifier>{a9cec426-7ced-43b1-abbd-d95b52029abe}</UniqueIdentifier>
    </Filter>
    <Filter Include="Header Files\Containers\No PeekBack Containers">
      <UniqueIdentifier>{ca767f7e-d8fd-49fb-b77f-8b3f4561377b}</UniqueIdentifier>
    </Filter>
    <Filter Include="Header Files\Tools">
      <UniqueIdentifier>{dad1e866-286c-45f6-a9b2-1ff6903aa264}</UniqueIdentifier>
    </Filter>
  </ItemGroup>
  <ItemGroup>
    <ClInclude Include="IQueue.h">
      <Filter>Header Files\Interfaces</Filter>
    </ClInclude>
    <ClInclude Include="PeekBack.h">
      <Filter>Header Files\Interfaces</Filter>
    </ClInclude>
    <ClInclude Include="AbstractIterator.h">
      <Filter>Header Files\Interfaces</Filter>
    </ClInclude>
    <ClInclude Include="ArrayQueueIterator.h">
      <Filter>Header Files\Iterators</Filter>
    </ClInclude>
    <ClInclude Include="ArrayQueue.h">
      <Filter>Header Files\Containers\No PeekBack Containers</Filter>
    </ClInclude>
    <ClInclude Include="ListQueue.h">
      <Filter>Header Files\Containers\No PeekBack Containers</Filter>
    </ClInclude>
    <ClInclude Include="UnboundedQueue.h">
      <Filter>Header Files\Containers\No PeekBack Containers</Filter>
    </ClInclude>
    <ClInclude Include="PeekBackArrayQueue.h">
      <Filter>Header Files\Containers\PeekBack Containers</Filter>
    </ClInclude>
    <ClInclude Include="ListQueueIterator.h">
      <Filter>Header Files\Iterators</Filter>
    </ClInclude>
    <ClInclude Include="PeekBackListQueue.h">
      <Filter>Header Files\Containers\PeekBack Containers</Filter>
    </ClInclude>
    <ClInclude Include="Conditional.h">
      <Filter>Header Files\Tools</Filter>
    </ClInclude>
    <ClInclude Include="Node.h">
      <Filter>Header Files\Containers\No PeekBack Containers</Filter>
    </ClInclude>
    <ClInclude Include="PeekBackUnboundedQueue.h">
      <Filter>Header Files\Containers\PeekBack Containers</Filter>
    </ClInclude>
  </ItemGroup>
  <ItemGroup>
    <ClCompile Include="main.cpp">
      <Filter>Source Files</Filter>
    </ClCompile>
  </ItemGroup>
</Project>